
Microsoft Visual Studio Solution File, Format Version 12.00
Project("{FAE04EC0-301F-11D3-BF4B-00C04F79EFBC}") = "TFDGraphicsManager", "TFDGraphicsManager\TFDGraphicsManager.csproj", "{677F9327-25CA-4C11-90AF-15CAE3471097}"
EndProject
Global
	GlobalSection(SolutionConfigurationPlatforms) = preSolution
		Debug|Any CPU = Debug|Any CPU
		Release|Any CPU = Release|Any CPU
	EndGlobalSection
	GlobalSection(ProjectConfigurationPlatforms) = postSolution
		{677F9327-25CA-4C11-90AF-15CAE3471097}.Debug|Any CPU.ActiveCfg = Debug|Any CPU
		{677F9327-25CA-4C11-90AF-15CAE3471097}.Debug|Any CPU.Build.0 = Debug|Any CPU
		{677F9327-25CA-4C11-90AF-15CAE3471097}.Release|Any CPU.ActiveCfg = Release|Any CPU
		{677F9327-25CA-4C11-90AF-15CAE3471097}.Release|Any CPU.Build.0 = Release|Any CPU
	EndGlobalSection
EndGlobal
